
Microsoft Visual Studio Solution File, Format Version 12.00
# Visual Studio Express 2012 for Windows Desktop
Project("{F184B08F-C81C-45F6-A57F-5ABD9991F28F}") = "실습8-15", "실습8-15.vbproj", "{523048DE-8B9D-431F-8DEF-C1110C12E664}"
EndProject
Global
	GlobalSection(SolutionConfigurationPlatforms) = preSolution
		Debug|Any CPU = Debug|Any CPU
		Release|Any CPU = Release|Any CPU
	EndGlobalSection
	GlobalSection(ProjectConfigurationPlatforms) = postSolution
		{523048DE-8B9D-431F-8DEF-C1110C12E664}.Debug|Any CPU.ActiveCfg = Debug|Any CPU
		{523048DE-8B9D-431F-8DEF-C1110C12E664}.Debug|Any CPU.Build.0 = Debug|Any CPU
		{523048DE-8B9D-431F-8DEF-C1110C12E664}.Release|Any CPU.ActiveCfg = Release|Any CPU
		{523048DE-8B9D-431F-8DEF-C1110C12E664}.Release|Any CPU.Build.0 = Release|Any CPU
	EndGlobalSection
	GlobalSection(SolutionProperties) = preSolution
		HideSolutionNode = FALSE
	EndGlobalSection
EndGlobal
