
Microsoft Visual Studio Solution File, Format Version 12.00
# Visual Studio Version 16
VisualStudioVersion = 16.0.29409.12
MinimumVisualStudioVersion = 10.0.40219.1
Project("{F184B08F-C81C-45F6-A57F-5ABD9991F28F}") = "실습3-28", "실습3-28.vbproj", "{D4D48019-2885-43AA-A7B8-2EFFAFE3C3DC}"
EndProject
Global
	GlobalSection(SolutionConfigurationPlatforms) = preSolution
		Debug|Any CPU = Debug|Any CPU
		Release|Any CPU = Release|Any CPU
	EndGlobalSection
	GlobalSection(ProjectConfigurationPlatforms) = postSolution
		{D4D48019-2885-43AA-A7B8-2EFFAFE3C3DC}.Debug|Any CPU.ActiveCfg = Debug|Any CPU
		{D4D48019-2885-43AA-A7B8-2EFFAFE3C3DC}.Debug|Any CPU.Build.0 = Debug|Any CPU
		{D4D48019-2885-43AA-A7B8-2EFFAFE3C3DC}.Release|Any CPU.ActiveCfg = Release|Any CPU
		{D4D48019-2885-43AA-A7B8-2EFFAFE3C3DC}.Release|Any CPU.Build.0 = Release|Any CPU
	EndGlobalSection
	GlobalSection(SolutionProperties) = preSolution
		HideSolutionNode = FALSE
	EndGlobalSection
	GlobalSection(ExtensibilityGlobals) = postSolution
		SolutionGuid = {CEF9FC1D-1C27-4B21-881B-1FDD5FE66FA4}
	EndGlobalSection
EndGlobal
