
Microsoft Visual Studio Solution File, Format Version 12.00
# Visual Studio Express 2012 for Windows Desktop
Project("{F184B08F-C81C-45F6-A57F-5ABD9991F28F}") = "실습9-4", "실습9-4.vbproj", "{DF1B861C-7585-4701-9AA0-F26B0ABAC539}"
EndProject
Global
	GlobalSection(SolutionConfigurationPlatforms) = preSolution
		Debug|Any CPU = Debug|Any CPU
		Release|Any CPU = Release|Any CPU
	EndGlobalSection
	GlobalSection(ProjectConfigurationPlatforms) = postSolution
		{DF1B861C-7585-4701-9AA0-F26B0ABAC539}.Debug|Any CPU.ActiveCfg = Debug|Any CPU
		{DF1B861C-7585-4701-9AA0-F26B0ABAC539}.Debug|Any CPU.Build.0 = Debug|Any CPU
		{DF1B861C-7585-4701-9AA0-F26B0ABAC539}.Release|Any CPU.ActiveCfg = Release|Any CPU
		{DF1B861C-7585-4701-9AA0-F26B0ABAC539}.Release|Any CPU.Build.0 = Release|Any CPU
	EndGlobalSection
	GlobalSection(SolutionProperties) = preSolution
		HideSolutionNode = FALSE
	EndGlobalSection
EndGlobal
