
Microsoft Visual Studio Solution File, Format Version 12.00
# Visual Studio Version 16
VisualStudioVersion = 16.0.29409.12
MinimumVisualStudioVersion = 10.0.40219.1
Project("{F184B08F-C81C-45F6-A57F-5ABD9991F28F}") = "실습3-29", "실습3-29.vbproj", "{EB10FB96-BA86-4DD8-BA6C-26D683B449DC}"
EndProject
Global
	GlobalSection(SolutionConfigurationPlatforms) = preSolution
		Debug|Any CPU = Debug|Any CPU
		Release|Any CPU = Release|Any CPU
	EndGlobalSection
	GlobalSection(ProjectConfigurationPlatforms) = postSolution
		{EB10FB96-BA86-4DD8-BA6C-26D683B449DC}.Debug|Any CPU.ActiveCfg = Debug|Any CPU
		{EB10FB96-BA86-4DD8-BA6C-26D683B449DC}.Debug|Any CPU.Build.0 = Debug|Any CPU
		{EB10FB96-BA86-4DD8-BA6C-26D683B449DC}.Release|Any CPU.ActiveCfg = Release|Any CPU
		{EB10FB96-BA86-4DD8-BA6C-26D683B449DC}.Release|Any CPU.Build.0 = Release|Any CPU
	EndGlobalSection
	GlobalSection(SolutionProperties) = preSolution
		HideSolutionNode = FALSE
	EndGlobalSection
	GlobalSection(ExtensibilityGlobals) = postSolution
		SolutionGuid = {CBCA44C6-9EB0-4782-9EF7-A4E50D7CECD1}
	EndGlobalSection
EndGlobal
