
Microsoft Visual Studio Solution File, Format Version 12.00
# Visual Studio Version 16
VisualStudioVersion = 16.0.29409.12
MinimumVisualStudioVersion = 10.0.40219.1
Project("{F184B08F-C81C-45F6-A57F-5ABD9991F28F}") = "실습3-20", "실습3-20.vbproj", "{879F6432-BCA4-4A89-880A-5119B4AC9748}"
EndProject
Global
	GlobalSection(SolutionConfigurationPlatforms) = preSolution
		Debug|Any CPU = Debug|Any CPU
		Release|Any CPU = Release|Any CPU
	EndGlobalSection
	GlobalSection(ProjectConfigurationPlatforms) = postSolution
		{879F6432-BCA4-4A89-880A-5119B4AC9748}.Debug|Any CPU.ActiveCfg = Debug|Any CPU
		{879F6432-BCA4-4A89-880A-5119B4AC9748}.Debug|Any CPU.Build.0 = Debug|Any CPU
		{879F6432-BCA4-4A89-880A-5119B4AC9748}.Release|Any CPU.ActiveCfg = Release|Any CPU
		{879F6432-BCA4-4A89-880A-5119B4AC9748}.Release|Any CPU.Build.0 = Release|Any CPU
	EndGlobalSection
	GlobalSection(SolutionProperties) = preSolution
		HideSolutionNode = FALSE
	EndGlobalSection
	GlobalSection(ExtensibilityGlobals) = postSolution
		SolutionGuid = {5EE5F70C-D79C-4EB6-87D6-8E2F0108FEB6}
	EndGlobalSection
EndGlobal
