
Microsoft Visual Studio Solution File, Format Version 12.00
# Visual Studio Express 2012 for Windows Desktop
Project("{F184B08F-C81C-45F6-A57F-5ABD9991F28F}") = "실습7-3", "실습7-3.vbproj", "{F6CBBF27-201C-491A-966E-4B0DF66600E9}"
EndProject
Global
	GlobalSection(SolutionConfigurationPlatforms) = preSolution
		Debug|Any CPU = Debug|Any CPU
		Release|Any CPU = Release|Any CPU
	EndGlobalSection
	GlobalSection(ProjectConfigurationPlatforms) = postSolution
		{F6CBBF27-201C-491A-966E-4B0DF66600E9}.Debug|Any CPU.ActiveCfg = Debug|Any CPU
		{F6CBBF27-201C-491A-966E-4B0DF66600E9}.Debug|Any CPU.Build.0 = Debug|Any CPU
		{F6CBBF27-201C-491A-966E-4B0DF66600E9}.Release|Any CPU.ActiveCfg = Release|Any CPU
		{F6CBBF27-201C-491A-966E-4B0DF66600E9}.Release|Any CPU.Build.0 = Release|Any CPU
	EndGlobalSection
	GlobalSection(SolutionProperties) = preSolution
		HideSolutionNode = FALSE
	EndGlobalSection
EndGlobal
